
Microsoft Visual Studio Solution File, Format Version 12.00
# Visual Studio 15
VisualStudioVersion = 15.0.26730.12
MinimumVisualStudioVersion = 10.0.40219.1
Project("{9A19103F-16F7-4668-BE54-9A1E7A4F7556}") = "conditional-statements", "conditional-statements\conditional-statements.csproj", "{A9AA43D3-2281-4D31-8D00-1412E05431A9}"
EndProject
Project("{9A19103F-16F7-4668-BE54-9A1E7A4F7556}") = "conditional-statements3", "conditional-statements3\conditional-statements3.csproj", "{25542902-7177-4150-B7C3-B8E1B38F23DA}"
EndProject
Project("{9A19103F-16F7-4668-BE54-9A1E7A4F7556}") = "conditional-statements4", "conditional-statements4\conditional-statements4.csproj", "{AF36E331-3664-43C5-A397-820D2AA7D5B4}"
EndProject
Project("{9A19103F-16F7-4668-BE54-9A1E7A4F7556}") = "conditional-statements5", "conditional-statements5\conditional-statements5.csproj", "{29EE2432-E00C-4D88-B244-7B7CD819D483}"
EndProject
Project("{9A19103F-16F7-4668-BE54-9A1E7A4F7556}") = "loops1", "loops1\loops1.csproj", "{9D46F38E-1662-4411-950F-785E3EDAC05B}"
EndProject
Project("{9A19103F-16F7-4668-BE54-9A1E7A4F7556}") = "loops2", "loops2\loops2.csproj", "{22BB0674-29C6-4CAC-AF8E-2C990C12E367}"
EndProject
Project("{9A19103F-16F7-4668-BE54-9A1E7A4F7556}") = "loops3", "loops3\loops3.csproj", "{B3D547B4-DF63-44EF-ACAC-53AF4FE84E27}"
EndProject
Project("{9A19103F-16F7-4668-BE54-9A1E7A4F7556}") = "loops4", "loops4\loops4.csproj", "{98C5643F-3A92-4296-BAF1-7D751734C373}"
EndProject
Project("{9A19103F-16F7-4668-BE54-9A1E7A4F7556}") = "loops5", "loops5\loops5.csproj", "{BCA4060D-C946-4374-969C-5D0DE0EF2EED}"
EndProject
Project("{9A19103F-16F7-4668-BE54-9A1E7A4F7556}") = "loops6", "loops6\loops6.csproj", "{F352C299-2D06-4510-B432-A90F3EDCD008}"
EndProject
Project("{9A19103F-16F7-4668-BE54-9A1E7A4F7556}") = "loops7", "loops7\loops7.csproj", "{03CD1734-B254-4254-B471-B5B2705E5657}"
EndProject
Project("{9A19103F-16F7-4668-BE54-9A1E7A4F7556}") = "loops8", "loops8\loops8.csproj", "{A726B00B-37BD-47E0-A057-69AFDB039714}"
EndProject
Project("{9A19103F-16F7-4668-BE54-9A1E7A4F7556}") = "loops9", "loops9\loops9.csproj", "{965B1DFC-3136-45E2-8C4D-8198F2741C91}"
EndProject
Project("{9A19103F-16F7-4668-BE54-9A1E7A4F7556}") = "Loops10", "Loops10\Loops10.csproj", "{25FDCB03-9679-477C-B10E-EABF16C16B30}"
EndProject
Project("{9A19103F-16F7-4668-BE54-9A1E7A4F7556}") = "Loops11", "Loops11\Loops11.csproj", "{C592453F-6545-4A68-A9A0-0F5E391ECD30}"
EndProject
Project("{9A19103F-16F7-4668-BE54-9A1E7A4F7556}") = "functions-and-subprograms1", "functions-and-subprograms1\functions-and-subprograms1.csproj", "{F5E9E57F-B53A-4775-B783-83DA6D7CD5BB}"
EndProject
Project("{9A19103F-16F7-4668-BE54-9A1E7A4F7556}") = "functions-and-subprograms2", "functions-and-subprograms2\functions-and-subprograms2.csproj", "{57D0913A-BC42-4A21-8B78-0FAC563B97BF}"
EndProject
Project("{9A19103F-16F7-4668-BE54-9A1E7A4F7556}") = "functions-and-subprograms3", "functions-and-subprograms3\functions-and-subprograms3.csproj", "{548AB10D-9C17-4B15-B05E-AF470F5B537D}"
EndProject
Project("{9A19103F-16F7-4668-BE54-9A1E7A4F7556}") = "functions-and-subprograms4", "functions-and-subprograms4\functions-and-subprograms4.csproj", "{AADA0654-A86A-459C-B2A4-E925C021B766}"
EndProject
Project("{FAE04EC0-301F-11D3-BF4B-00C04F79EFBC}") = "strings1", "strings1\strings1.csproj", "{1D4361C9-C966-4E70-9E5E-33D426C6220D}"
EndProject
Project("{FAE04EC0-301F-11D3-BF4B-00C04F79EFBC}") = "strings2", "strings2\strings2.csproj", "{FD276A0D-C70C-4F5A-A144-4CFB4F3F9536}"
EndProject
Project("{FAE04EC0-301F-11D3-BF4B-00C04F79EFBC}") = "strings3", "strings3\strings3.csproj", "{9F0B7719-4D5A-4424-BC5E-2D09D76AB51C}"
EndProject
Global
	GlobalSection(SolutionConfigurationPlatforms) = preSolution
		Debug|Any CPU = Debug|Any CPU
		Release|Any CPU = Release|Any CPU
	EndGlobalSection
	GlobalSection(ProjectConfigurationPlatforms) = postSolution
		{A9AA43D3-2281-4D31-8D00-1412E05431A9}.Debug|Any CPU.ActiveCfg = Debug|Any CPU
		{A9AA43D3-2281-4D31-8D00-1412E05431A9}.Debug|Any CPU.Build.0 = Debug|Any CPU
		{A9AA43D3-2281-4D31-8D00-1412E05431A9}.Release|Any CPU.ActiveCfg = Release|Any CPU
		{A9AA43D3-2281-4D31-8D00-1412E05431A9}.Release|Any CPU.Build.0 = Release|Any CPU
		{25542902-7177-4150-B7C3-B8E1B38F23DA}.Debug|Any CPU.ActiveCfg = Debug|Any CPU
		{25542902-7177-4150-B7C3-B8E1B38F23DA}.Debug|Any CPU.Build.0 = Debug|Any CPU
		{25542902-7177-4150-B7C3-B8E1B38F23DA}.Release|Any CPU.ActiveCfg = Release|Any CPU
		{25542902-7177-4150-B7C3-B8E1B38F23DA}.Release|Any CPU.Build.0 = Release|Any CPU
		{AF36E331-3664-43C5-A397-820D2AA7D5B4}.Debug|Any CPU.ActiveCfg = Debug|Any CPU
		{AF36E331-3664-43C5-A397-820D2AA7D5B4}.Debug|Any CPU.Build.0 = Debug|Any CPU
		{AF36E331-3664-43C5-A397-820D2AA7D5B4}.Release|Any CPU.ActiveCfg = Release|Any CPU
		{AF36E331-3664-43C5-A397-820D2AA7D5B4}.Release|Any CPU.Build.0 = Release|Any CPU
		{29EE2432-E00C-4D88-B244-7B7CD819D483}.Debug|Any CPU.ActiveCfg = Debug|Any CPU
		{29EE2432-E00C-4D88-B244-7B7CD819D483}.Debug|Any CPU.Build.0 = Debug|Any CPU
		{29EE2432-E00C-4D88-B244-7B7CD819D483}.Release|Any CPU.ActiveCfg = Release|Any CPU
		{29EE2432-E00C-4D88-B244-7B7CD819D483}.Release|Any CPU.Build.0 = Release|Any CPU
		{9D46F38E-1662-4411-950F-785E3EDAC05B}.Debug|Any CPU.ActiveCfg = Debug|Any CPU
		{9D46F38E-1662-4411-950F-785E3EDAC05B}.Debug|Any CPU.Build.0 = Debug|Any CPU
		{9D46F38E-1662-4411-950F-785E3EDAC05B}.Release|Any CPU.ActiveCfg = Release|Any CPU
		{9D46F38E-1662-4411-950F-785E3EDAC05B}.Release|Any CPU.Build.0 = Release|Any CPU
		{22BB0674-29C6-4CAC-AF8E-2C990C12E367}.Debug|Any CPU.ActiveCfg = Debug|Any CPU
		{22BB0674-29C6-4CAC-AF8E-2C990C12E367}.Debug|Any CPU.Build.0 = Debug|Any CPU
		{22BB0674-29C6-4CAC-AF8E-2C990C12E367}.Release|Any CPU.ActiveCfg = Release|Any CPU
		{22BB0674-29C6-4CAC-AF8E-2C990C12E367}.Release|Any CPU.Build.0 = Release|Any CPU
		{B3D547B4-DF63-44EF-ACAC-53AF4FE84E27}.Debug|Any CPU.ActiveCfg = Debug|Any CPU
		{B3D547B4-DF63-44EF-ACAC-53AF4FE84E27}.Debug|Any CPU.Build.0 = Debug|Any CPU
		{B3D547B4-DF63-44EF-ACAC-53AF4FE84E27}.Release|Any CPU.ActiveCfg = Release|Any CPU
		{B3D547B4-DF63-44EF-ACAC-53AF4FE84E27}.Release|Any CPU.Build.0 = Release|Any CPU
		{98C5643F-3A92-4296-BAF1-7D751734C373}.Debug|Any CPU.ActiveCfg = Debug|Any CPU
		{98C5643F-3A92-4296-BAF1-7D751734C373}.Debug|Any CPU.Build.0 = Debug|Any CPU
		{98C5643F-3A92-4296-BAF1-7D751734C373}.Release|Any CPU.ActiveCfg = Release|Any CPU
		{98C5643F-3A92-4296-BAF1-7D751734C373}.Release|Any CPU.Build.0 = Release|Any CPU
		{BCA4060D-C946-4374-969C-5D0DE0EF2EED}.Debug|Any CPU.ActiveCfg = Debug|Any CPU
		{BCA4060D-C946-4374-969C-5D0DE0EF2EED}.Debug|Any CPU.Build.0 = Debug|Any CPU
		{BCA4060D-C946-4374-969C-5D0DE0EF2EED}.Release|Any CPU.ActiveCfg = Release|Any CPU
		{BCA4060D-C946-4374-969C-5D0DE0EF2EED}.Release|Any CPU.Build.0 = Release|Any CPU
		{F352C299-2D06-4510-B432-A90F3EDCD008}.Debug|Any CPU.ActiveCfg = Debug|Any CPU
		{F352C299-2D06-4510-B432-A90F3EDCD008}.Debug|Any CPU.Build.0 = Debug|Any CPU
		{F352C299-2D06-4510-B432-A90F3EDCD008}.Release|Any CPU.ActiveCfg = Release|Any CPU
		{F352C299-2D06-4510-B432-A90F3EDCD008}.Release|Any CPU.Build.0 = Release|Any CPU
		{03CD1734-B254-4254-B471-B5B2705E5657}.Debug|Any CPU.ActiveCfg = Debug|Any CPU
		{03CD1734-B254-4254-B471-B5B2705E5657}.Debug|Any CPU.Build.0 = Debug|Any CPU
		{03CD1734-B254-4254-B471-B5B2705E5657}.Release|Any CPU.ActiveCfg = Release|Any CPU
		{03CD1734-B254-4254-B471-B5B2705E5657}.Release|Any CPU.Build.0 = Release|Any CPU
		{A726B00B-37BD-47E0-A057-69AFDB039714}.Debug|Any CPU.ActiveCfg = Debug|Any CPU
		{A726B00B-37BD-47E0-A057-69AFDB039714}.Debug|Any CPU.Build.0 = Debug|Any CPU
		{A726B00B-37BD-47E0-A057-69AFDB039714}.Release|Any CPU.ActiveCfg = Release|Any CPU
		{A726B00B-37BD-47E0-A057-69AFDB039714}.Release|Any CPU.Build.0 = Release|Any CPU
		{965B1DFC-3136-45E2-8C4D-8198F2741C91}.Debug|Any CPU.ActiveCfg = Debug|Any CPU
		{965B1DFC-3136-45E2-8C4D-8198F2741C91}.Debug|Any CPU.Build.0 = Debug|Any CPU
		{965B1DFC-3136-45E2-8C4D-8198F2741C91}.Release|Any CPU.ActiveCfg = Release|Any CPU
		{965B1DFC-3136-45E2-8C4D-8198F2741C91}.Release|Any CPU.Build.0 = Release|Any CPU
		{25FDCB03-9679-477C-B10E-EABF16C16B30}.Debug|Any CPU.ActiveCfg = Debug|Any CPU
		{25FDCB03-9679-477C-B10E-EABF16C16B30}.Debug|Any CPU.Build.0 = Debug|Any CPU
		{25FDCB03-9679-477C-B10E-EABF16C16B30}.Release|Any CPU.ActiveCfg = Release|Any CPU
		{25FDCB03-9679-477C-B10E-EABF16C16B30}.Release|Any CPU.Build.0 = Release|Any CPU
		{C592453F-6545-4A68-A9A0-0F5E391ECD30}.Debug|Any CPU.ActiveCfg = Debug|Any CPU
		{C592453F-6545-4A68-A9A0-0F5E391ECD30}.Debug|Any CPU.Build.0 = Debug|Any CPU
		{C592453F-6545-4A68-A9A0-0F5E391ECD30}.Release|Any CPU.ActiveCfg = Release|Any CPU
		{C592453F-6545-4A68-A9A0-0F5E391ECD30}.Release|Any CPU.Build.0 = Release|Any CPU
		{F5E9E57F-B53A-4775-B783-83DA6D7CD5BB}.Debug|Any CPU.ActiveCfg = Debug|Any CPU
		{F5E9E57F-B53A-4775-B783-83DA6D7CD5BB}.Debug|Any CPU.Build.0 = Debug|Any CPU
		{F5E9E57F-B53A-4775-B783-83DA6D7CD5BB}.Release|Any CPU.ActiveCfg = Release|Any CPU
		{F5E9E57F-B53A-4775-B783-83DA6D7CD5BB}.Release|Any CPU.Build.0 = Release|Any CPU
		{57D0913A-BC42-4A21-8B78-0FAC563B97BF}.Debug|Any CPU.ActiveCfg = Debug|Any CPU
		{57D0913A-BC42-4A21-8B78-0FAC563B97BF}.Debug|Any CPU.Build.0 = Debug|Any CPU
		{57D0913A-BC42-4A21-8B78-0FAC563B97BF}.Release|Any CPU.ActiveCfg = Release|Any CPU
		{57D0913A-BC42-4A21-8B78-0FAC563B97BF}.Release|Any CPU.Build.0 = Release|Any CPU
		{548AB10D-9C17-4B15-B05E-AF470F5B537D}.Debug|Any CPU.ActiveCfg = Debug|Any CPU
		{548AB10D-9C17-4B15-B05E-AF470F5B537D}.Debug|Any CPU.Build.0 = Debug|Any CPU
		{548AB10D-9C17-4B15-B05E-AF470F5B537D}.Release|Any CPU.ActiveCfg = Release|Any CPU
		{548AB10D-9C17-4B15-B05E-AF470F5B537D}.Release|Any CPU.Build.0 = Release|Any CPU
		{AADA0654-A86A-459C-B2A4-E925C021B766}.Debug|Any CPU.ActiveCfg = Debug|Any CPU
		{AADA0654-A86A-459C-B2A4-E925C021B766}.Debug|Any CPU.Build.0 = Debug|Any CPU
		{AADA0654-A86A-459C-B2A4-E925C021B766}.Release|Any CPU.ActiveCfg = Release|Any CPU
		{AADA0654-A86A-459C-B2A4-E925C021B766}.Release|Any CPU.Build.0 = Release|Any CPU
		{1D4361C9-C966-4E70-9E5E-33D426C6220D}.Debug|Any CPU.ActiveCfg = Debug|Any CPU
		{1D4361C9-C966-4E70-9E5E-33D426C6220D}.Debug|Any CPU.Build.0 = Debug|Any CPU
		{1D4361C9-C966-4E70-9E5E-33D426C6220D}.Release|Any CPU.ActiveCfg = Release|Any CPU
		{1D4361C9-C966-4E70-9E5E-33D426C6220D}.Release|Any CPU.Build.0 = Release|Any CPU
		{FD276A0D-C70C-4F5A-A144-4CFB4F3F9536}.Debug|Any CPU.ActiveCfg = Debug|Any CPU
		{FD276A0D-C70C-4F5A-A144-4CFB4F3F9536}.Debug|Any CPU.Build.0 = Debug|Any CPU
		{FD276A0D-C70C-4F5A-A144-4CFB4F3F9536}.Release|Any CPU.ActiveCfg = Release|Any CPU
		{FD276A0D-C70C-4F5A-A144-4CFB4F3F9536}.Release|Any CPU.Build.0 = Release|Any CPU
		{9F0B7719-4D5A-4424-BC5E-2D09D76AB51C}.Debug|Any CPU.ActiveCfg = Debug|Any CPU
		{9F0B7719-4D5A-4424-BC5E-2D09D76AB51C}.Debug|Any CPU.Build.0 = Debug|Any CPU
		{9F0B7719-4D5A-4424-BC5E-2D09D76AB51C}.Release|Any CPU.ActiveCfg = Release|Any CPU
		{9F0B7719-4D5A-4424-BC5E-2D09D76AB51C}.Release|Any CPU.Build.0 = Release|Any CPU
	EndGlobalSection
	GlobalSection(SolutionProperties) = preSolution
		HideSolutionNode = FALSE
	EndGlobalSection
	GlobalSection(ExtensibilityGlobals) = postSolution
		SolutionGuid = {FC11DEB5-8BA1-48C6-8114-12C9463497FF}
	EndGlobalSection
EndGlobal
